// !$*UTF8*$!
{
	archiveVersion = 1;
	classes = {
	};
	objectVersion = 46;
	objects = {

/* Begin PBXBuildFile section */
		563EC30C1D29FB0D004A0F2A /* main.m in Sources */ = {isa = PBXBuildFile; fileRef = 563EC30B1D29FB0D004A0F2A /* main.m */; };
		563EC30F1D29FB0D004A0F2A /* AppDelegate.m in Sources */ = {isa = PBXBuildFile; fileRef = 563EC30E1D29FB0D004A0F2A /* AppDelegate.m */; };
		563EC3121D29FB0D004A0F2A /* ViewController.m in Sources */ = {isa = PBXBuildFile; fileRef = 563EC3111D29FB0D004A0F2A /* ViewController.m */; };
		563EC3151D29FB0D004A0F2A /* Main.storyboard in Resources */ = {isa = PBXBuildFile; fileRef = 563EC3131D29FB0D004A0F2A /* Main.storyboard */; };
		563EC3171D29FB0D004A0F2A /* Assets.xcassets in Resources */ = {isa = PBXBuildFile; fileRef = 563EC3161D29FB0D004A0F2A /* Assets.xcassets */; };
		563EC31A1D29FB0D004A0F2A /* LaunchScreen.storyboard in Resources */ = {isa = PBXBuildFile; fileRef = 563EC3181D29FB0D004A0F2A /* LaunchScreen.storyboard */; };
		563EC3251D29FB0D004A0F2A /* ____Tests.m in Sources */ = {isa = PBXBuildFile; fileRef = 563EC3241D29FB0D004A0F2A /* ____Tests.m */; };
		563EC3301D29FB0D004A0F2A /* ____UITests.m in Sources */ = {isa = PBXBuildFile; fileRef = 563EC32F1D29FB0D004A0F2A /* ____UITests.m */; };
/* End PBXBuildFile section */

/* Begin PBXContainerItemProxy section */
		563EC3211D29FB0D004A0F2A /* PBXContainerItemProxy */ = {
			isa = PBXContainerItemProxy;
			containerPortal = 563EC2FF1D29FB0C004A0F2A /* Project object */;
			proxyType = 1;
			remoteGlobalIDString = 563EC3061D29FB0C004A0F2A;
			remoteInfo = "显示动画";
		};
		563EC32C1D29FB0D004A0F2A /* PBXContainerItemProxy */ = {
			isa = PBXContainerItemProxy;
			containerPortal = 563EC2FF1D29FB0C004A0F2A /* Project object */;
			proxyType = 1;
			remoteGlobalIDString = 563EC3061D29FB0C004A0F2A;
			remoteInfo = "显示动画";
		};
/* End PBXContainerItemProxy section */

/* Begin PBXFileReference section */
		563EC3071D29FB0C004A0F2A /* 显示动画.app */ = {isa = PBXFileReference; explicitFileType = wrapper.application; includeInIndex = 0; path = "显示动画.app"; sourceTree = BUILT_PRODUCTS_DIR; };
		563EC30B1D29FB0D004A0F2A /* main.m */ = {isa = PBXFileReference; lastKnownFileType = sourcecode.c.objc; path = main.m; sourceTree = "<group>"; };
		563EC30D1D29FB0D004A0F2A /* AppDelegate.h */ = {isa = PBXFileReference; lastKnownFileType = sourcecode.c.h; path = AppDelegate.h; sourceTree = "<group>"; };
		563EC30E1D29FB0D004A0F2A /* AppDelegate.m */ = {isa = PBXFileReference; lastKnownFileType = sourcecode.c.objc; path = AppDelegate.m; sourceTree = "<group>"; };
		563EC3101D29FB0D004A0F2A /* ViewController.h */ = {isa = PBXFileReference; lastKnownFileType = sourcecode.c.h; path = ViewController.h; sourceTree = "<group>"; };
		563EC3111D29FB0D004A0F2A /* ViewController.m */ = {isa = PBXFileReference; lastKnownFileType = sourcecode.c.objc; path = ViewController.m; sourceTree = "<group>"; };
		563EC3141D29FB0D004A0F2A /* Base */ = {isa = PBXFileReference; lastKnownFileType = file.storyboard; name = Base; path = Base.lproj/Main.storyboard; sourceTree = "<group>"; };
		563EC3161D29FB0D004A0F2A /* Assets.xcassets */ = {isa = PBXFileReference; lastKnownFileType = folder.assetcatalog; path = Assets.xcassets; sourceTree = "<group>"; };
		563EC3191D29FB0D004A0F2A /* Base */ = {isa = PBXFileReference; lastKnownFileType = file.storyboard; name = Base; path = Base.lproj/LaunchScreen.storyboard; sourceTree = "<group>"; };
		563EC31B1D29FB0D004A0F2A /* Info.plist */ = {isa = PBXFileReference; lastKnownFileType = text.plist.xml; path = Info.plist; sourceTree = "<group>"; };
		563EC3201D29FB0D004A0F2A /* 显示动画Tests.xctest */ = {isa = PBXFileReference; explicitFileType = wrapper.cfbundle; includeInIndex = 0; path = "显示动画Tests.xctest"; sourceTree = BUILT_PRODUCTS_DIR; };
		563EC3241D29FB0D004A0F2A /* ____Tests.m */ = {isa = PBXFileReference; lastKnownFileType = sourcecode.c.objc; path = "____Tests.m"; sourceTree = "<group>"; };
		563EC3261D29FB0D004A0F2A /* Info.plist */ = {isa = PBXFileReference; lastKnownFileType = text.plist.xml; path = Info.plist; sourceTree = "<group>"; };
		563EC32B1D29FB0D004A0F2A /* 显示动画UITests.xctest */ = {isa = PBXFileReference; explicitFileType = wrapper.cfbundle; includeInIndex = 0; path = "显示动画UITests.xctest"; sourceTree = BUILT_PRODUCTS_DIR; };
		563EC32F1D29FB0D004A0F2A /* ____UITests.m */ = {isa = PBXFileReference; lastKnownFileType = sourcecode.c.objc; path = "____UITests.m"; sourceTree = "<group>"; };
		563EC3311D29FB0D004A0F2A /* Info.plist */ = {isa = PBXFileReference; lastKnownFileType = text.plist.xml; path = Info.plist; sourceTree = "<group>"; };
/* End PBXFileReference section */

/* Begin PBXFrameworksBuildPhase section */
		563EC3041D29FB0C004A0F2A /* Frameworks */ = {
			isa = PBXFrameworksBuildPhase;
			buildActionMask = 2147483647;
			files = (
			);
			runOnlyForDeploymentPostprocessing = 0;
		};
		563EC31D1D29FB0D004A0F2A /* Frameworks */ = {
			isa = PBXFrameworksBuildPhase;
			buildActionMask = 2147483647;
			files = (
			);
			runOnlyForDeploymentPostprocessing = 0;
		};
		563EC3281D29FB0D004A0F2A /* Frameworks */ = {
			isa = PBXFrameworksBuildPhase;
			buildActionMask = 2147483647;
			files = (
			);
			runOnlyForDeploymentPostprocessing = 0;
		};
/* End PBXFrameworksBuildPhase section */

/* Begin PBXGroup section */
		563EC2FE1D29FB0C004A0F2A = {
			isa = PBXGroup;
			children = (
				563EC3091D29FB0D004A0F2A /* 显示动画 */,
				563EC3231D29FB0D004A0F2A /* 显示动画Tests */,
				563EC32E1D29FB0D004A0F2A /* 显示动画UITests */,
				563EC3081D29FB0C004A0F2A /* Products */,
			);
			sourceTree = "<group>";
		};
		563EC3081D29FB0C004A0F2A /* Products */ = {
			isa = PBXGroup;
			children = (
				563EC3071D29FB0C004A0F2A /* 显示动画.app */,
				563EC3201D29FB0D004A0F2A /* 显示动画Tests.xctest */,
				563EC32B1D29FB0D004A0F2A /* 显示动画UITests.xctest */,
			);
			name = Products;
			sourceTree = "<group>";
		};
		563EC3091D29FB0D004A0F2A /* 显示动画 */ = {
			isa = PBXGroup;
			children = (
				563EC30D1D29FB0D004A0F2A /* AppDelegate.h */,
				563EC30E1D29FB0D004A0F2A /* AppDelegate.m */,
				563EC3101D29FB0D004A0F2A /* ViewController.h */,
				563EC3111D29FB0D004A0F2A /* ViewController.m */,
				563EC3131D29FB0D004A0F2A /* Main.storyboard */,
				563EC3161D29FB0D004A0F2A /* Assets.xcassets */,
				563EC3181D29FB0D004A0F2A /* LaunchScreen.storyboard */,
				563EC31B1D29FB0D004A0F2A /* Info.plist */,
				563EC30A1D29FB0D004A0F2A /* Supporting Files */,
			);
			path = "显示动画";
			sourceTree = "<group>";
		};
		563EC30A1D29FB0D004A0F2A /* Supporting Files */ = {
			isa = PBXGroup;
			children = (
				563EC30B1D29FB0D004A0F2A /* main.m */,
			);
			name = "Supporting Files";
			sourceTree = "<group>";
		};
		563EC3231D29FB0D004A0F2A /* 显示动画Tests */ = {
			isa = PBXGroup;
			children = (
				563EC3241D29FB0D004A0F2A /* ____Tests.m */,
				563EC3261D29FB0D004A0F2A /* Info.plist */,
			);
			path = "显示动画Tests";
			sourceTree = "<group>";
		};
		563EC32E1D29FB0D004A0F2A /* 显示动画UITests */ = {
			isa = PBXGroup;
			children = (
				563EC32F1D29FB0D004A0F2A /* ____UITests.m */,
				563EC3311D29FB0D004A0F2A /* Info.plist */,
			);
			path = "显示动画UITests";
			sourceTree = "<group>";
		};
/* End PBXGroup section */

/* Begin PBXNativeTarget section */
		563EC3061D29FB0C004A0F2A /* 显示动画 */ = {
			isa = PBXNativeTarget;
			buildConfigurationList = 563EC3341D29FB0D004A0F2A /* Build configuration list for PBXNativeTarget "显示动画" */;
			buildPhases = (
				563EC3031D29FB0C004A0F2A /* Sources */,
				563EC3041D29FB0C004A0F2A /* Frameworks */,
				563EC3051D29FB0C004A0F2A /* Resources */,
			);
			buildRules = (
			);
			dependencies = (
			);
			name = "显示动画";
			productName = "显示动画";
			productReference = 563EC3071D29FB0C004A0F2A /* 显示动画.app */;
			productType = "com.apple.product-type.application";
		};
		563EC31F1D29FB0D004A0F2A /* 显示动画Tests */ = {
			isa = PBXNativeTarget;
			buildConfigurationList = 563EC3371D29FB0D004A0F2A /* Build configuration list for PBXNativeTarget "显示动画Tests" */;
			buildPhases = (
				563EC31C1D29FB0D004A0F2A /* Sources */,
				563EC31D1D29FB0D004A0F2A /* Frameworks */,
				563EC31E1D29FB0D004A0F2A /* Resources */,
			);
			buildRules = (
			);
			dependencies = (
				563EC3221D29FB0D004A0F2A /* PBXTargetDependency */,
			);
			name = "显示动画Tests";
			productName = "显示动画Tests";
			productReference = 563EC3201D29FB0D004A0F2A /* 显示动画Tests.xctest */;
			productType = "com.apple.product-type.bundle.unit-test";
		};
		563EC32A1D29FB0D004A0F2A /* 显示动画UITests */ = {
			isa = PBXNativeTarget;
			buildConfigurationList = 563EC33A1D29FB0D004A0F2A /* Build configuration list for PBXNativeTarget "显示动画UITests" */;
			buildPhases = (
				563EC3271D29FB0D004A0F2A /* Sources */,
				563EC3281D29FB0D004A0F2A /* Frameworks */,
				563EC3291D29FB0D004A0F2A /* Resources */,
			);
			buildRules = (
			);
			dependencies = (
				563EC32D1D29FB0D004A0F2A /* PBXTargetDependency */,
			);
			name = "显示动画UITests";
			productName = "显示动画UITests";
			productReference = 563EC32B1D29FB0D004A0F2A /* 显示动画UITests.xctest */;
			productType = "com.apple.product-type.bundle.ui-testing";
		};
/* End PBXNativeTarget section */

/* Begin PBXProject section */
		563EC2FF1D29FB0C004A0F2A /* Project object */ = {
			isa = PBXProject;
			attributes = {
				LastUpgradeCheck = 0730;
				ORGANIZATIONNAME = Charles_Wl;
				TargetAttributes = {
					563EC3061D29FB0C004A0F2A = {
						CreatedOnToolsVersion = 7.3.1;
					};
					563EC31F1D29FB0D004A0F2A = {
						CreatedOnToolsVersion = 7.3.1;
						TestTargetID = 563EC3061D29FB0C004A0F2A;
					};
					563EC32A1D29FB0D004A0F2A = {
						CreatedOnToolsVersion = 7.3.1;
						TestTargetID = 563EC3061D29FB0C004A0F2A;
					};
				};
			};
			buildConfigurationList = 563EC3021D29FB0C004A0F2A /* Build configuration list for PBXProject "显示动画" */;
			compatibilityVersion = "Xcode 3.2";
			developmentRegion = English;
			hasScannedForEncodings = 0;
			knownRegions = (
				en,
				Base,
			);
			mainGroup = 563EC2FE1D29FB0C004A0F2A;
			productRefGroup = 563EC3081D29FB0C004A0F2A /* Products */;
			projectDirPath = "";
			projectRoot = "";
			targets = (
				563EC3061D29FB0C004A0F2A /* 显示动画 */,
				563EC31F1D29FB0D004A0F2A /* 显示动画Tests */,
				563EC32A1D29FB0D004A0F2A /* 显示动画UITests */,
			);
		};
/* End PBXProject section */

/* Begin PBXResourcesBuildPhase section */
		563EC3051D29FB0C004A0F2A /* Resources */ = {
			isa = PBXResourcesBuildPhase;
			buildActionMask = 2147483647;
			files = (
				563EC31A1D29FB0D004A0F2A /* LaunchScreen.storyboard in Resources */,
				563EC3171D29FB0D004A0F2A /* Assets.xcassets in Resources */,
				563EC3151D29FB0D004A0F2A /* Main.storyboard in Resources */,
			);
			runOnlyForDeploymentPostprocessing = 0;
		};
		563EC31E1D29FB0D004A0F2A /* Resources */ = {
			isa = PBXResourcesBuildPhase;
			buildActionMask = 2147483647;
			files = (
			);
			runOnlyForDeploymentPostprocessing = 0;
		};
		563EC3291D29FB0D004A0F2A /* Resources */ = {
			isa = PBXResourcesBuildPhase;
			buildActionMask = 2147483647;
			files = (
			);
			runOnlyForDeploymentPostprocessing = 0;
		};
/* End PBXResourcesBuildPhase section */

/* Begin PBXSourcesBuildPhase section */
		563EC3031D29FB0C004A0F2A /* Sources */ = {
			isa = PBXSourcesBuildPhase;
			buildActionMask = 2147483647;
			files = (
				563EC3121D29FB0D004A0F2A /* ViewController.m in Sources */,
				563EC30F1D29FB0D004A0F2A /* AppDelegate.m in Sources */,
				563EC30C1D29FB0D004A0F2A /* main.m in Sources */,
			);
			runOnlyForDeploymentPostprocessing = 0;
		};
		563EC31C1D29FB0D004A0F2A /* Sources */ = {
			isa = PBXSourcesBuildPhase;
			buildActionMask = 2147483647;
			files = (
				563EC3251D29FB0D004A0F2A /* ____Tests.m in Sources */,
			);
			runOnlyForDeploymentPostprocessing = 0;
		};
		563EC3271D29FB0D004A0F2A /* Sources */ = {
			isa = PBXSourcesBuildPhase;
			buildActionMask = 2147483647;
			files = (
				563EC3301D29FB0D004A0F2A /* ____UITests.m in Sources */,
			);
			runOnlyForDeploymentPostprocessing = 0;
		};
/* End PBXSourcesBuildPhase section */

/* Begin PBXTargetDependency section */
		563EC3221D29FB0D004A0F2A /* PBXTargetDependency */ = {
			isa = PBXTargetDependency;
			target = 563EC3061D29FB0C004A0F2A /* 显示动画 */;
			targetProxy = 563EC3211D29FB0D004A0F2A /* PBXContainerItemProxy */;
		};
		563EC32D1D29FB0D004A0F2A /* PBXTargetDependency */ = {
			isa = PBXTargetDependency;
			target = 563EC3061D29FB0C004A0F2A /* 显示动画 */;
			targetProxy = 563EC32C1D29FB0D004A0F2A /* PBXContainerItemProxy */;
		};
/* End PBXTargetDependency section */

/* Begin PBXVariantGroup section */
		563EC3131D29FB0D004A0F2A /* Main.storyboard */ = {
			isa = PBXVariantGroup;
			children = (
				563EC3141D29FB0D004A0F2A /* Base */,
			);
			name = Main.storyboard;
			sourceTree = "<group>";
		};
		563EC3181D29FB0D004A0F2A /* LaunchScreen.storyboard */ = {
			isa = PBXVariantGroup;
			children = (
				563EC3191D29FB0D004A0F2A /* Base */,
			);
			name = LaunchScreen.storyboard;
			sourceTree = "<group>";
		};
/* End PBXVariantGroup section */

/* Begin XCBuildConfiguration section */
		563EC3321D29FB0D004A0F2A /* Debug */ = {
			isa = XCBuildConfiguration;
			buildSettings = {
				ALWAYS_SEARCH_USER_PATHS = NO;
				CLANG_ANALYZER_NONNULL = YES;
				CLANG_CXX_LANGUAGE_STANDARD = "gnu++0x";
				CLANG_CXX_LIBRARY = "libc++";
				CLANG_ENABLE_MODULES = YES;
				CLANG_ENABLE_OBJC_ARC = YES;
				CLANG_WARN_BOOL_CONVERSION = YES;
				CLANG_WARN_CONSTANT_CONVERSION = YES;
				CLANG_WARN_DIRECT_OBJC_ISA_USAGE = YES_ERROR;
				CLANG_WARN_EMPTY_BODY = YES;
				CLANG_WARN_ENUM_CONVERSION = YES;
				CLANG_WARN_INT_CONVERSION = YES;
				CLANG_WARN_OBJC_ROOT_CLASS = YES_ERROR;
				CLANG_WARN_UNREACHABLE_CODE = YES;
				CLANG_WARN__DUPLICATE_METHOD_MATCH = YES;
				"CODE_SIGN_IDENTITY[sdk=iphoneos*]" = "iPhone Developer";
				COPY_PHASE_STRIP = NO;
				DEBUG_INFORMATION_FORMAT = dwarf;
				ENABLE_STRICT_OBJC_MSGSEND = YES;
				ENABLE_TESTABILITY = YES;
				GCC_C_LANGUAGE_STANDARD = gnu99;
				GCC_DYNAMIC_NO_PIC = NO;
				GCC_NO_COMMON_BLOCKS = YES;
				GCC_OPTIMIZATION_LEVEL = 0;
				GCC_PREPROCESSOR_DEFINITIONS = (
					"DEBUG=1",
					"$(inherited)",
				);
				GCC_WARN_64_TO_32_BIT_CONVERSION = YES;
				GCC_WARN_ABOUT_RETURN_TYPE = YES_ERROR;
				GCC_WARN_UNDECLARED_SELECTOR = YES;
				GCC_WARN_UNINITIALIZED_AUTOS = YES_AGGRESSIVE;
				GCC_WARN_UNUSED_FUNCTION = YES;
				GCC_WARN_UNUSED_VARIABLE = YES;
				IPHONEOS_DEPLOYMENT_TARGET = 9.3;
				MTL_ENABLE_DEBUG_INFO = YES;
				ONLY_ACTIVE_ARCH = YES;
				SDKROOT = iphoneos;
			};
			name = Debug;
		};
		563EC3331D29FB0D004A0F2A /* Release */ = {
			isa = XCBuildConfiguration;
			buildSettings = {
				ALWAYS_SEARCH_USER_PATHS = NO;
				CLANG_ANALYZER_NONNULL = YES;
				CLANG_CXX_LANGUAGE_STANDARD = "gnu++0x";
				CLANG_CXX_LIBRARY = "libc++";
				CLANG_ENABLE_MODULES = YES;
				CLANG_ENABLE_OBJC_ARC = YES;
				CLANG_WARN_BOOL_CONVERSION = YES;
				CLANG_WARN_CONSTANT_CONVERSION = YES;
				CLANG_WARN_DIRECT_OBJC_ISA_USAGE = YES_ERROR;
				CLANG_WARN_EMPTY_BODY = YES;
				CLANG_WARN_ENUM_CONVERSION = YES;
				CLANG_WARN_INT_CONVERSION = YES;
				CLANG_WARN_OBJC_ROOT_CLASS = YES_ERROR;
				CLANG_WARN_UNREACHABLE_CODE = YES;
				CLANG_WARN__DUPLICATE_METHOD_MATCH = YES;
				"CODE_SIGN_IDENTITY[sdk=iphoneos*]" = "iPhone Developer";
				COPY_PHASE_STRIP = NO;
				DEBUG_INFORMATION_FORMAT = "dwarf-with-dsym";
				ENABLE_NS_ASSERTIONS = NO;
				ENABLE_STRICT_OBJC_MSGSEND = YES;
				GCC_C_LANGUAGE_STANDARD = gnu99;
				GCC_NO_COMMON_BLOCKS = YES;
				GCC_WARN_64_TO_32_BIT_CONVERSION = YES;
				GCC_WARN_ABOUT_RETURN_TYPE = YES_ERROR;
				GCC_WARN_UNDECLARED_SELECTOR = YES;
				GCC_WARN_UNINITIALIZED_AUTOS = YES_AGGRESSIVE;
				GCC_WARN_UNUSED_FUNCTION = YES;
				GCC_WARN_UNUSED_VARIABLE = YES;
				IPHONEOS_DEPLOYMENT_TARGET = 9.3;
				MTL_ENABLE_DEBUG_INFO = NO;
				SDKROOT = iphoneos;
				VALIDATE_PRODUCT = YES;
			};
			name = Release;
		};
		563EC3351D29FB0D004A0F2A /* Debug */ = {
			isa = XCBuildConfiguration;
			buildSettings = {
				ASSETCATALOG_COMPILER_APPICON_NAME = AppIcon;
				INFOPLIST_FILE = "显示动画/Info.plist";
				LD_RUNPATH_SEARCH_PATHS = "$(inherited) @executable_path/Frameworks";
				PRODUCT_BUNDLE_IDENTIFIER = "com.SmartKids.----";
				PRODUCT_NAME = "$(TARGET_NAME)";
			};
			name = Debug;
		};
		563EC3361D29FB0D004A0F2A /* Release */ = {
			isa = XCBuildConfiguration;
			buildSettings = {
				ASSETCATALOG_COMPILER_APPICON_NAME = AppIcon;
				INFOPLIST_FILE = "显示动画/Info.plist";
				LD_RUNPATH_SEARCH_PATHS = "$(inherited) @executable_path/Frameworks";
				PRODUCT_BUNDLE_IDENTIFIER = "com.SmartKids.----";
				PRODUCT_NAME = "$(TARGET_NAME)";
			};
			name = Release;
		};
		563EC3381D29FB0D004A0F2A /* Debug */ = {
			isa = XCBuildConfiguration;
			buildSettings = {
				BUNDLE_LOADER = "$(TEST_HOST)";
				INFOPLIST_FILE = "显示动画Tests/Info.plist";
				LD_RUNPATH_SEARCH_PATHS = "$(inherited) @executable_path/Frameworks @loader_path/Frameworks";
				PRODUCT_BUNDLE_IDENTIFIER = "com.SmartKids.----Tests";
				PRODUCT_NAME = "$(TARGET_NAME)";
				TEST_HOST = "$(BUILT_PRODUCTS_DIR)/显示动画.app/显示动画";
			};
			name = Debug;
		};
		563EC3391D29FB0D004A0F2A /* Release */ = {
			isa = XCBuildConfiguration;
			buildSettings = {
				BUNDLE_LOADER = "$(TEST_HOST)";
				INFOPLIST_FILE = "显示动画Tests/Info.plist";
				LD_RUNPATH_SEARCH_PATHS = "$(inherited) @executable_path/Frameworks @loader_path/Frameworks";
				PRODUCT_BUNDLE_IDENTIFIER = "com.SmartKids.----Tests";
				PRODUCT_NAME = "$(TARGET_NAME)";
				TEST_HOST = "$(BUILT_PRODUCTS_DIR)/显示动画.app/显示动画";
			};
			name = Release;
		};
		563EC33B1D29FB0D004A0F2A /* Debug */ = {
			isa = XCBuildConfiguration;
			buildSettings = {
				INFOPLIST_FILE = "显示动画UITests/Info.plist";
				LD_RUNPATH_SEARCH_PATHS = "$(inherited) @executable_path/Frameworks @loader_path/Frameworks";
				PRODUCT_BUNDLE_IDENTIFIER = "com.SmartKids.----UITests";
				PRODUCT_NAME = "$(TARGET_NAME)";
				TEST_TARGET_NAME = "显示动画";
			};
			name = Debug;
		};
		563EC33C1D29FB0D004A0F2A /* Release */ = {
			isa = XCBuildConfiguration;
			buildSettings = {
				INFOPLIST_FILE = "显示动画UITests/Info.plist";
				LD_RUNPATH_SEARCH_PATHS = "$(inherited) @executable_path/Frameworks @loader_path/Frameworks";
				PRODUCT_BUNDLE_IDENTIFIER = "com.SmartKids.----UITests";
				PRODUCT_NAME = "$(TARGET_NAME)";
				TEST_TARGET_NAME = "显示动画";
			};
			name = Release;
		};
/* End XCBuildConfiguration section */

/* Begin XCConfigurationList section */
		563EC3021D29FB0C004A0F2A /* Build configuration list for PBXProject "显示动画" */ = {
			isa = XCConfigurationList;
			buildConfigurations = (
				563EC3321D29FB0D004A0F2A /* Debug */,
				563EC3331D29FB0D004A0F2A /* Release */,
			);
			defaultConfigurationIsVisible = 0;
			defaultConfigurationName = Release;
		};
		563EC3341D29FB0D004A0F2A /* Build configuration list for PBXNativeTarget "显示动画" */ = {
			isa = XCConfigurationList;
			buildConfigurations = (
				563EC3351D29FB0D004A0F2A /* Debug */,
				563EC3361D29FB0D004A0F2A /* Release */,
			);
			defaultConfigurationIsVisible = 0;
		};
		563EC3371D29FB0D004A0F2A /* Build configuration list for PBXNativeTarget "显示动画Tests" */ = {
			isa = XCConfigurationList;
			buildConfigurations = (
				563EC3381D29FB0D004A0F2A /* Debug */,
				563EC3391D29FB0D004A0F2A /* Release */,
			);
			defaultConfigurationIsVisible = 0;
		};
		563EC33A1D29FB0D004A0F2A /* Build configuration list for PBXNativeTarget "显示动画UITests" */ = {
			isa = XCConfigurationList;
			buildConfigurations = (
				563EC33B1D29FB0D004A0F2A /* Debug */,
				563EC33C1D29FB0D004A0F2A /* Release */,
			);
			defaultConfigurationIsVisible = 0;
		};
/* End XCConfigurationList section */
	};
	rootObject = 563EC2FF1D29FB0C004A0F2A /* Project object */;
}
