// !$*UTF8*$!
{
	archiveVersion = 1;
	classes = {
	};
	objectVersion = 46;
	objects = {

/* Begin PBXBuildFile section */
		5642AADD1D1391CB0072055F /* main.m in Sources */ = {isa = PBXBuildFile; fileRef = 5642AADC1D1391CB0072055F /* main.m */; };
		5642AAE01D1391CB0072055F /* AppDelegate.m in Sources */ = {isa = PBXBuildFile; fileRef = 5642AADF1D1391CB0072055F /* AppDelegate.m */; };
		5642AAE31D1391CB0072055F /* ViewController.m in Sources */ = {isa = PBXBuildFile; fileRef = 5642AAE21D1391CB0072055F /* ViewController.m */; };
		5642AAE61D1391CB0072055F /* Main.storyboard in Resources */ = {isa = PBXBuildFile; fileRef = 5642AAE41D1391CB0072055F /* Main.storyboard */; };
		5642AAE81D1391CB0072055F /* Assets.xcassets in Resources */ = {isa = PBXBuildFile; fileRef = 5642AAE71D1391CB0072055F /* Assets.xcassets */; };
		5642AAEB1D1391CB0072055F /* LaunchScreen.storyboard in Resources */ = {isa = PBXBuildFile; fileRef = 5642AAE91D1391CB0072055F /* LaunchScreen.storyboard */; };
		5642AAF61D1391CB0072055F /* _____Tests.m in Sources */ = {isa = PBXBuildFile; fileRef = 5642AAF51D1391CB0072055F /* _____Tests.m */; };
		5642AB011D1391CB0072055F /* _____UITests.m in Sources */ = {isa = PBXBuildFile; fileRef = 5642AB001D1391CB0072055F /* _____UITests.m */; };
/* End PBXBuildFile section */

/* Begin PBXContainerItemProxy section */
		5642AAF21D1391CB0072055F /* PBXContainerItemProxy */ = {
			isa = PBXContainerItemProxy;
			containerPortal = 5642AAD01D1391CB0072055F /* Project object */;
			proxyType = 1;
			remoteGlobalIDString = 5642AAD71D1391CB0072055F;
			remoteInfo = "图层几何图";
		};
		5642AAFD1D1391CB0072055F /* PBXContainerItemProxy */ = {
			isa = PBXContainerItemProxy;
			containerPortal = 5642AAD01D1391CB0072055F /* Project object */;
			proxyType = 1;
			remoteGlobalIDString = 5642AAD71D1391CB0072055F;
			remoteInfo = "图层几何图";
		};
/* End PBXContainerItemProxy section */

/* Begin PBXFileReference section */
		5642AAD81D1391CB0072055F /* 图层几何图.app */ = {isa = PBXFileReference; explicitFileType = wrapper.application; includeInIndex = 0; path = "图层几何图.app"; sourceTree = BUILT_PRODUCTS_DIR; };
		5642AADC1D1391CB0072055F /* main.m */ = {isa = PBXFileReference; lastKnownFileType = sourcecode.c.objc; path = main.m; sourceTree = "<group>"; };
		5642AADE1D1391CB0072055F /* AppDelegate.h */ = {isa = PBXFileReference; lastKnownFileType = sourcecode.c.h; path = AppDelegate.h; sourceTree = "<group>"; };
		5642AADF1D1391CB0072055F /* AppDelegate.m */ = {isa = PBXFileReference; lastKnownFileType = sourcecode.c.objc; path = AppDelegate.m; sourceTree = "<group>"; };
		5642AAE11D1391CB0072055F /* ViewController.h */ = {isa = PBXFileReference; lastKnownFileType = sourcecode.c.h; path = ViewController.h; sourceTree = "<group>"; };
		5642AAE21D1391CB0072055F /* ViewController.m */ = {isa = PBXFileReference; lastKnownFileType = sourcecode.c.objc; path = ViewController.m; sourceTree = "<group>"; };
		5642AAE51D1391CB0072055F /* Base */ = {isa = PBXFileReference; lastKnownFileType = file.storyboard; name = Base; path = Base.lproj/Main.storyboard; sourceTree = "<group>"; };
		5642AAE71D1391CB0072055F /* Assets.xcassets */ = {isa = PBXFileReference; lastKnownFileType = folder.assetcatalog; path = Assets.xcassets; sourceTree = "<group>"; };
		5642AAEA1D1391CB0072055F /* Base */ = {isa = PBXFileReference; lastKnownFileType = file.storyboard; name = Base; path = Base.lproj/LaunchScreen.storyboard; sourceTree = "<group>"; };
		5642AAEC1D1391CB0072055F /* Info.plist */ = {isa = PBXFileReference; lastKnownFileType = text.plist.xml; path = Info.plist; sourceTree = "<group>"; };
		5642AAF11D1391CB0072055F /* 图层几何图Tests.xctest */ = {isa = PBXFileReference; explicitFileType = wrapper.cfbundle; includeInIndex = 0; path = "图层几何图Tests.xctest"; sourceTree = BUILT_PRODUCTS_DIR; };
		5642AAF51D1391CB0072055F /* _____Tests.m */ = {isa = PBXFileReference; lastKnownFileType = sourcecode.c.objc; path = "_____Tests.m"; sourceTree = "<group>"; };
		5642AAF71D1391CB0072055F /* Info.plist */ = {isa = PBXFileReference; lastKnownFileType = text.plist.xml; path = Info.plist; sourceTree = "<group>"; };
		5642AAFC1D1391CB0072055F /* 图层几何图UITests.xctest */ = {isa = PBXFileReference; explicitFileType = wrapper.cfbundle; includeInIndex = 0; path = "图层几何图UITests.xctest"; sourceTree = BUILT_PRODUCTS_DIR; };
		5642AB001D1391CB0072055F /* _____UITests.m */ = {isa = PBXFileReference; lastKnownFileType = sourcecode.c.objc; path = "_____UITests.m"; sourceTree = "<group>"; };
		5642AB021D1391CB0072055F /* Info.plist */ = {isa = PBXFileReference; lastKnownFileType = text.plist.xml; path = Info.plist; sourceTree = "<group>"; };
/* End PBXFileReference section */

/* Begin PBXFrameworksBuildPhase section */
		5642AAD51D1391CB0072055F /* Frameworks */ = {
			isa = PBXFrameworksBuildPhase;
			buildActionMask = 2147483647;
			files = (
			);
			runOnlyForDeploymentPostprocessing = 0;
		};
		5642AAEE1D1391CB0072055F /* Frameworks */ = {
			isa = PBXFrameworksBuildPhase;
			buildActionMask = 2147483647;
			files = (
			);
			runOnlyForDeploymentPostprocessing = 0;
		};
		5642AAF91D1391CB0072055F /* Frameworks */ = {
			isa = PBXFrameworksBuildPhase;
			buildActionMask = 2147483647;
			files = (
			);
			runOnlyForDeploymentPostprocessing = 0;
		};
/* End PBXFrameworksBuildPhase section */

/* Begin PBXGroup section */
		5642AACF1D1391CB0072055F = {
			isa = PBXGroup;
			children = (
				5642AADA1D1391CB0072055F /* 图层几何图 */,
				5642AAF41D1391CB0072055F /* 图层几何图Tests */,
				5642AAFF1D1391CB0072055F /* 图层几何图UITests */,
				5642AAD91D1391CB0072055F /* Products */,
			);
			sourceTree = "<group>";
		};
		5642AAD91D1391CB0072055F /* Products */ = {
			isa = PBXGroup;
			children = (
				5642AAD81D1391CB0072055F /* 图层几何图.app */,
				5642AAF11D1391CB0072055F /* 图层几何图Tests.xctest */,
				5642AAFC1D1391CB0072055F /* 图层几何图UITests.xctest */,
			);
			name = Products;
			sourceTree = "<group>";
		};
		5642AADA1D1391CB0072055F /* 图层几何图 */ = {
			isa = PBXGroup;
			children = (
				5642AADE1D1391CB0072055F /* AppDelegate.h */,
				5642AADF1D1391CB0072055F /* AppDelegate.m */,
				5642AAE11D1391CB0072055F /* ViewController.h */,
				5642AAE21D1391CB0072055F /* ViewController.m */,
				5642AAE41D1391CB0072055F /* Main.storyboard */,
				5642AAE71D1391CB0072055F /* Assets.xcassets */,
				5642AAE91D1391CB0072055F /* LaunchScreen.storyboard */,
				5642AAEC1D1391CB0072055F /* Info.plist */,
				5642AADB1D1391CB0072055F /* Supporting Files */,
			);
			path = "图层几何图";
			sourceTree = "<group>";
		};
		5642AADB1D1391CB0072055F /* Supporting Files */ = {
			isa = PBXGroup;
			children = (
				5642AADC1D1391CB0072055F /* main.m */,
			);
			name = "Supporting Files";
			sourceTree = "<group>";
		};
		5642AAF41D1391CB0072055F /* 图层几何图Tests */ = {
			isa = PBXGroup;
			children = (
				5642AAF51D1391CB0072055F /* _____Tests.m */,
				5642AAF71D1391CB0072055F /* Info.plist */,
			);
			path = "图层几何图Tests";
			sourceTree = "<group>";
		};
		5642AAFF1D1391CB0072055F /* 图层几何图UITests */ = {
			isa = PBXGroup;
			children = (
				5642AB001D1391CB0072055F /* _____UITests.m */,
				5642AB021D1391CB0072055F /* Info.plist */,
			);
			path = "图层几何图UITests";
			sourceTree = "<group>";
		};
/* End PBXGroup section */

/* Begin PBXNativeTarget section */
		5642AAD71D1391CB0072055F /* 图层几何图 */ = {
			isa = PBXNativeTarget;
			buildConfigurationList = 5642AB051D1391CB0072055F /* Build configuration list for PBXNativeTarget "图层几何图" */;
			buildPhases = (
				5642AAD41D1391CB0072055F /* Sources */,
				5642AAD51D1391CB0072055F /* Frameworks */,
				5642AAD61D1391CB0072055F /* Resources */,
			);
			buildRules = (
			);
			dependencies = (
			);
			name = "图层几何图";
			productName = "图层几何图";
			productReference = 5642AAD81D1391CB0072055F /* 图层几何图.app */;
			productType = "com.apple.product-type.application";
		};
		5642AAF01D1391CB0072055F /* 图层几何图Tests */ = {
			isa = PBXNativeTarget;
			buildConfigurationList = 5642AB081D1391CB0072055F /* Build configuration list for PBXNativeTarget "图层几何图Tests" */;
			buildPhases = (
				5642AAED1D1391CB0072055F /* Sources */,
				5642AAEE1D1391CB0072055F /* Frameworks */,
				5642AAEF1D1391CB0072055F /* Resources */,
			);
			buildRules = (
			);
			dependencies = (
				5642AAF31D1391CB0072055F /* PBXTargetDependency */,
			);
			name = "图层几何图Tests";
			productName = "图层几何图Tests";
			productReference = 5642AAF11D1391CB0072055F /* 图层几何图Tests.xctest */;
			productType = "com.apple.product-type.bundle.unit-test";
		};
		5642AAFB1D1391CB0072055F /* 图层几何图UITests */ = {
			isa = PBXNativeTarget;
			buildConfigurationList = 5642AB0B1D1391CB0072055F /* Build configuration list for PBXNativeTarget "图层几何图UITests" */;
			buildPhases = (
				5642AAF81D1391CB0072055F /* Sources */,
				5642AAF91D1391CB0072055F /* Frameworks */,
				5642AAFA1D1391CB0072055F /* Resources */,
			);
			buildRules = (
			);
			dependencies = (
				5642AAFE1D1391CB0072055F /* PBXTargetDependency */,
			);
			name = "图层几何图UITests";
			productName = "图层几何图UITests";
			productReference = 5642AAFC1D1391CB0072055F /* 图层几何图UITests.xctest */;
			productType = "com.apple.product-type.bundle.ui-testing";
		};
/* End PBXNativeTarget section */

/* Begin PBXProject section */
		5642AAD01D1391CB0072055F /* Project object */ = {
			isa = PBXProject;
			attributes = {
				LastUpgradeCheck = 0730;
				ORGANIZATIONNAME = Charles_Wl;
				TargetAttributes = {
					5642AAD71D1391CB0072055F = {
						CreatedOnToolsVersion = 7.3.1;
					};
					5642AAF01D1391CB0072055F = {
						CreatedOnToolsVersion = 7.3.1;
						TestTargetID = 5642AAD71D1391CB0072055F;
					};
					5642AAFB1D1391CB0072055F = {
						CreatedOnToolsVersion = 7.3.1;
						TestTargetID = 5642AAD71D1391CB0072055F;
					};
				};
			};
			buildConfigurationList = 5642AAD31D1391CB0072055F /* Build configuration list for PBXProject "图层几何图" */;
			compatibilityVersion = "Xcode 3.2";
			developmentRegion = English;
			hasScannedForEncodings = 0;
			knownRegions = (
				en,
				Base,
			);
			mainGroup = 5642AACF1D1391CB0072055F;
			productRefGroup = 5642AAD91D1391CB0072055F /* Products */;
			projectDirPath = "";
			projectRoot = "";
			targets = (
				5642AAD71D1391CB0072055F /* 图层几何图 */,
				5642AAF01D1391CB0072055F /* 图层几何图Tests */,
				5642AAFB1D1391CB0072055F /* 图层几何图UITests */,
			);
		};
/* End PBXProject section */

/* Begin PBXResourcesBuildPhase section */
		5642AAD61D1391CB0072055F /* Resources */ = {
			isa = PBXResourcesBuildPhase;
			buildActionMask = 2147483647;
			files = (
				5642AAEB1D1391CB0072055F /* LaunchScreen.storyboard in Resources */,
				5642AAE81D1391CB0072055F /* Assets.xcassets in Resources */,
				5642AAE61D1391CB0072055F /* Main.storyboard in Resources */,
			);
			runOnlyForDeploymentPostprocessing = 0;
		};
		5642AAEF1D1391CB0072055F /* Resources */ = {
			isa = PBXResourcesBuildPhase;
			buildActionMask = 2147483647;
			files = (
			);
			runOnlyForDeploymentPostprocessing = 0;
		};
		5642AAFA1D1391CB0072055F /* Resources */ = {
			isa = PBXResourcesBuildPhase;
			buildActionMask = 2147483647;
			files = (
			);
			runOnlyForDeploymentPostprocessing = 0;
		};
/* End PBXResourcesBuildPhase section */

/* Begin PBXSourcesBuildPhase section */
		5642AAD41D1391CB0072055F /* Sources */ = {
			isa = PBXSourcesBuildPhase;
			buildActionMask = 2147483647;
			files = (
				5642AAE31D1391CB0072055F /* ViewController.m in Sources */,
				5642AAE01D1391CB0072055F /* AppDelegate.m in Sources */,
				5642AADD1D1391CB0072055F /* main.m in Sources */,
			);
			runOnlyForDeploymentPostprocessing = 0;
		};
		5642AAED1D1391CB0072055F /* Sources */ = {
			isa = PBXSourcesBuildPhase;
			buildActionMask = 2147483647;
			files = (
				5642AAF61D1391CB0072055F /* _____Tests.m in Sources */,
			);
			runOnlyForDeploymentPostprocessing = 0;
		};
		5642AAF81D1391CB0072055F /* Sources */ = {
			isa = PBXSourcesBuildPhase;
			buildActionMask = 2147483647;
			files = (
				5642AB011D1391CB0072055F /* _____UITests.m in Sources */,
			);
			runOnlyForDeploymentPostprocessing = 0;
		};
/* End PBXSourcesBuildPhase section */

/* Begin PBXTargetDependency section */
		5642AAF31D1391CB0072055F /* PBXTargetDependency */ = {
			isa = PBXTargetDependency;
			target = 5642AAD71D1391CB0072055F /* 图层几何图 */;
			targetProxy = 5642AAF21D1391CB0072055F /* PBXContainerItemProxy */;
		};
		5642AAFE1D1391CB0072055F /* PBXTargetDependency */ = {
			isa = PBXTargetDependency;
			target = 5642AAD71D1391CB0072055F /* 图层几何图 */;
			targetProxy = 5642AAFD1D1391CB0072055F /* PBXContainerItemProxy */;
		};
/* End PBXTargetDependency section */

/* Begin PBXVariantGroup section */
		5642AAE41D1391CB0072055F /* Main.storyboard */ = {
			isa = PBXVariantGroup;
			children = (
				5642AAE51D1391CB0072055F /* Base */,
			);
			name = Main.storyboard;
			sourceTree = "<group>";
		};
		5642AAE91D1391CB0072055F /* LaunchScreen.storyboard */ = {
			isa = PBXVariantGroup;
			children = (
				5642AAEA1D1391CB0072055F /* Base */,
			);
			name = LaunchScreen.storyboard;
			sourceTree = "<group>";
		};
/* End PBXVariantGroup section */

/* Begin XCBuildConfiguration section */
		5642AB031D1391CB0072055F /* Debug */ = {
			isa = XCBuildConfiguration;
			buildSettings = {
				ALWAYS_SEARCH_USER_PATHS = NO;
				CLANG_ANALYZER_NONNULL = YES;
				CLANG_CXX_LANGUAGE_STANDARD = "gnu++0x";
				CLANG_CXX_LIBRARY = "libc++";
				CLANG_ENABLE_MODULES = YES;
				CLANG_ENABLE_OBJC_ARC = YES;
				CLANG_WARN_BOOL_CONVERSION = YES;
				CLANG_WARN_CONSTANT_CONVERSION = YES;
				CLANG_WARN_DIRECT_OBJC_ISA_USAGE = YES_ERROR;
				CLANG_WARN_EMPTY_BODY = YES;
				CLANG_WARN_ENUM_CONVERSION = YES;
				CLANG_WARN_INT_CONVERSION = YES;
				CLANG_WARN_OBJC_ROOT_CLASS = YES_ERROR;
				CLANG_WARN_UNREACHABLE_CODE = YES;
				CLANG_WARN__DUPLICATE_METHOD_MATCH = YES;
				"CODE_SIGN_IDENTITY[sdk=iphoneos*]" = "iPhone Developer";
				COPY_PHASE_STRIP = NO;
				DEBUG_INFORMATION_FORMAT = dwarf;
				ENABLE_STRICT_OBJC_MSGSEND = YES;
				ENABLE_TESTABILITY = YES;
				GCC_C_LANGUAGE_STANDARD = gnu99;
				GCC_DYNAMIC_NO_PIC = NO;
				GCC_NO_COMMON_BLOCKS = YES;
				GCC_OPTIMIZATION_LEVEL = 0;
				GCC_PREPROCESSOR_DEFINITIONS = (
					"DEBUG=1",
					"$(inherited)",
				);
				GCC_WARN_64_TO_32_BIT_CONVERSION = YES;
				GCC_WARN_ABOUT_RETURN_TYPE = YES_ERROR;
				GCC_WARN_UNDECLARED_SELECTOR = YES;
				GCC_WARN_UNINITIALIZED_AUTOS = YES_AGGRESSIVE;
				GCC_WARN_UNUSED_FUNCTION = YES;
				GCC_WARN_UNUSED_VARIABLE = YES;
				IPHONEOS_DEPLOYMENT_TARGET = 9.3;
				MTL_ENABLE_DEBUG_INFO = YES;
				ONLY_ACTIVE_ARCH = YES;
				SDKROOT = iphoneos;
			};
			name = Debug;
		};
		5642AB041D1391CB0072055F /* Release */ = {
			isa = XCBuildConfiguration;
			buildSettings = {
				ALWAYS_SEARCH_USER_PATHS = NO;
				CLANG_ANALYZER_NONNULL = YES;
				CLANG_CXX_LANGUAGE_STANDARD = "gnu++0x";
				CLANG_CXX_LIBRARY = "libc++";
				CLANG_ENABLE_MODULES = YES;
				CLANG_ENABLE_OBJC_ARC = YES;
				CLANG_WARN_BOOL_CONVERSION = YES;
				CLANG_WARN_CONSTANT_CONVERSION = YES;
				CLANG_WARN_DIRECT_OBJC_ISA_USAGE = YES_ERROR;
				CLANG_WARN_EMPTY_BODY = YES;
				CLANG_WARN_ENUM_CONVERSION = YES;
				CLANG_WARN_INT_CONVERSION = YES;
				CLANG_WARN_OBJC_ROOT_CLASS = YES_ERROR;
				CLANG_WARN_UNREACHABLE_CODE = YES;
				CLANG_WARN__DUPLICATE_METHOD_MATCH = YES;
				"CODE_SIGN_IDENTITY[sdk=iphoneos*]" = "iPhone Developer";
				COPY_PHASE_STRIP = NO;
				DEBUG_INFORMATION_FORMAT = "dwarf-with-dsym";
				ENABLE_NS_ASSERTIONS = NO;
				ENABLE_STRICT_OBJC_MSGSEND = YES;
				GCC_C_LANGUAGE_STANDARD = gnu99;
				GCC_NO_COMMON_BLOCKS = YES;
				GCC_WARN_64_TO_32_BIT_CONVERSION = YES;
				GCC_WARN_ABOUT_RETURN_TYPE = YES_ERROR;
				GCC_WARN_UNDECLARED_SELECTOR = YES;
				GCC_WARN_UNINITIALIZED_AUTOS = YES_AGGRESSIVE;
				GCC_WARN_UNUSED_FUNCTION = YES;
				GCC_WARN_UNUSED_VARIABLE = YES;
				IPHONEOS_DEPLOYMENT_TARGET = 9.3;
				MTL_ENABLE_DEBUG_INFO = NO;
				SDKROOT = iphoneos;
				VALIDATE_PRODUCT = YES;
			};
			name = Release;
		};
		5642AB061D1391CB0072055F /* Debug */ = {
			isa = XCBuildConfiguration;
			buildSettings = {
				ASSETCATALOG_COMPILER_APPICON_NAME = AppIcon;
				INFOPLIST_FILE = "图层几何图/Info.plist";
				IPHONEOS_DEPLOYMENT_TARGET = 7.0;
				LD_RUNPATH_SEARCH_PATHS = "$(inherited) @executable_path/Frameworks";
				PRODUCT_BUNDLE_IDENTIFIER = "com.SmartKids.-----";
				PRODUCT_NAME = "$(TARGET_NAME)";
			};
			name = Debug;
		};
		5642AB071D1391CB0072055F /* Release */ = {
			isa = XCBuildConfiguration;
			buildSettings = {
				ASSETCATALOG_COMPILER_APPICON_NAME = AppIcon;
				INFOPLIST_FILE = "图层几何图/Info.plist";
				IPHONEOS_DEPLOYMENT_TARGET = 7.0;
				LD_RUNPATH_SEARCH_PATHS = "$(inherited) @executable_path/Frameworks";
				PRODUCT_BUNDLE_IDENTIFIER = "com.SmartKids.-----";
				PRODUCT_NAME = "$(TARGET_NAME)";
			};
			name = Release;
		};
		5642AB091D1391CB0072055F /* Debug */ = {
			isa = XCBuildConfiguration;
			buildSettings = {
				BUNDLE_LOADER = "$(TEST_HOST)";
				INFOPLIST_FILE = "图层几何图Tests/Info.plist";
				LD_RUNPATH_SEARCH_PATHS = "$(inherited) @executable_path/Frameworks @loader_path/Frameworks";
				PRODUCT_BUNDLE_IDENTIFIER = "com.SmartKids.-----Tests";
				PRODUCT_NAME = "$(TARGET_NAME)";
				TEST_HOST = "$(BUILT_PRODUCTS_DIR)/图层几何图.app/图层几何图";
			};
			name = Debug;
		};
		5642AB0A1D1391CB0072055F /* Release */ = {
			isa = XCBuildConfiguration;
			buildSettings = {
				BUNDLE_LOADER = "$(TEST_HOST)";
				INFOPLIST_FILE = "图层几何图Tests/Info.plist";
				LD_RUNPATH_SEARCH_PATHS = "$(inherited) @executable_path/Frameworks @loader_path/Frameworks";
				PRODUCT_BUNDLE_IDENTIFIER = "com.SmartKids.-----Tests";
				PRODUCT_NAME = "$(TARGET_NAME)";
				TEST_HOST = "$(BUILT_PRODUCTS_DIR)/图层几何图.app/图层几何图";
			};
			name = Release;
		};
		5642AB0C1D1391CB0072055F /* Debug */ = {
			isa = XCBuildConfiguration;
			buildSettings = {
				INFOPLIST_FILE = "图层几何图UITests/Info.plist";
				LD_RUNPATH_SEARCH_PATHS = "$(inherited) @executable_path/Frameworks @loader_path/Frameworks";
				PRODUCT_BUNDLE_IDENTIFIER = "com.SmartKids.-----UITests";
				PRODUCT_NAME = "$(TARGET_NAME)";
				TEST_TARGET_NAME = "图层几何图";
			};
			name = Debug;
		};
		5642AB0D1D1391CB0072055F /* Release */ = {
			isa = XCBuildConfiguration;
			buildSettings = {
				INFOPLIST_FILE = "图层几何图UITests/Info.plist";
				LD_RUNPATH_SEARCH_PATHS = "$(inherited) @executable_path/Frameworks @loader_path/Frameworks";
				PRODUCT_BUNDLE_IDENTIFIER = "com.SmartKids.-----UITests";
				PRODUCT_NAME = "$(TARGET_NAME)";
				TEST_TARGET_NAME = "图层几何图";
			};
			name = Release;
		};
/* End XCBuildConfiguration section */

/* Begin XCConfigurationList section */
		5642AAD31D1391CB0072055F /* Build configuration list for PBXProject "图层几何图" */ = {
			isa = XCConfigurationList;
			buildConfigurations = (
				5642AB031D1391CB0072055F /* Debug */,
				5642AB041D1391CB0072055F /* Release */,
			);
			defaultConfigurationIsVisible = 0;
			defaultConfigurationName = Release;
		};
		5642AB051D1391CB0072055F /* Build configuration list for PBXNativeTarget "图层几何图" */ = {
			isa = XCConfigurationList;
			buildConfigurations = (
				5642AB061D1391CB0072055F /* Debug */,
				5642AB071D1391CB0072055F /* Release */,
			);
			defaultConfigurationIsVisible = 0;
		};
		5642AB081D1391CB0072055F /* Build configuration list for PBXNativeTarget "图层几何图Tests" */ = {
			isa = XCConfigurationList;
			buildConfigurations = (
				5642AB091D1391CB0072055F /* Debug */,
				5642AB0A1D1391CB0072055F /* Release */,
			);
			defaultConfigurationIsVisible = 0;
		};
		5642AB0B1D1391CB0072055F /* Build configuration list for PBXNativeTarget "图层几何图UITests" */ = {
			isa = XCConfigurationList;
			buildConfigurations = (
				5642AB0C1D1391CB0072055F /* Debug */,
				5642AB0D1D1391CB0072055F /* Release */,
			);
			defaultConfigurationIsVisible = 0;
		};
/* End XCConfigurationList section */
	};
	rootObject = 5642AAD01D1391CB0072055F /* Project object */;
}
